
Microsoft Visual Studio Solution File, Format Version 12.00
# Visual Studio 15
VisualStudioVersion = 15.0.26430.16
MinimumVisualStudioVersion = 10.0.40219.1
Project("{FAE04EC0-301F-11D3-BF4B-00C04F79EFBC}") = "App2.Android", "App2\App2.Android\App2.Android.csproj", "{3550EF5A-82FD-42BA-BE64-CBB84AD2482F}"
EndProject
Project("{FAE04EC0-301F-11D3-BF4B-00C04F79EFBC}") = "App2.iOS", "App2\App2.iOS\App2.iOS.csproj", "{6E36C189-98E5-4B01-8948-1D3AAEB2D61F}"
EndProject
Project("{FAE04EC0-301F-11D3-BF4B-00C04F79EFBC}") = "App2", "App2\App2\App2.csproj", "{FB7C5002-0AA5-47F8-BD24-B8781EC9171A}"
EndProject
Global
	GlobalSection(SolutionConfigurationPlatforms) = preSolution
		Debug|Any CPU = Debug|Any CPU
		Debug|iPhone = Debug|iPhone
		Debug|iPhoneSimulator = Debug|iPhoneSimulator
		Release|Any CPU = Release|Any CPU
		Release|iPhone = Release|iPhone
		Release|iPhoneSimulator = Release|iPhoneSimulator
	EndGlobalSection
	GlobalSection(ProjectConfigurationPlatforms) = postSolution
		{3550EF5A-82FD-42BA-BE64-CBB84AD2482F}.Debug|Any CPU.ActiveCfg = Debug|Any CPU
		{3550EF5A-82FD-42BA-BE64-CBB84AD2482F}.Debug|Any CPU.Build.0 = Debug|Any CPU
		{3550EF5A-82FD-42BA-BE64-CBB84AD2482F}.Debug|Any CPU.Deploy.0 = Debug|Any CPU
		{3550EF5A-82FD-42BA-BE64-CBB84AD2482F}.Debug|iPhone.ActiveCfg = Debug|Any CPU
		{3550EF5A-82FD-42BA-BE64-CBB84AD2482F}.Debug|iPhone.Build.0 = Debug|Any CPU
		{3550EF5A-82FD-42BA-BE64-CBB84AD2482F}.Debug|iPhone.Deploy.0 = Debug|Any CPU
		{3550EF5A-82FD-42BA-BE64-CBB84AD2482F}.Debug|iPhoneSimulator.ActiveCfg = Debug|Any CPU
		{3550EF5A-82FD-42BA-BE64-CBB84AD2482F}.Debug|iPhoneSimulator.Build.0 = Debug|Any CPU
		{3550EF5A-82FD-42BA-BE64-CBB84AD2482F}.Debug|iPhoneSimulator.Deploy.0 = Debug|Any CPU
		{3550EF5A-82FD-42BA-BE64-CBB84AD2482F}.Release|Any CPU.ActiveCfg = Release|Any CPU
		{3550EF5A-82FD-42BA-BE64-CBB84AD2482F}.Release|Any CPU.Build.0 = Release|Any CPU
		{3550EF5A-82FD-42BA-BE64-CBB84AD2482F}.Release|Any CPU.Deploy.0 = Release|Any CPU
		{3550EF5A-82FD-42BA-BE64-CBB84AD2482F}.Release|iPhone.ActiveCfg = Release|Any CPU
		{3550EF5A-82FD-42BA-BE64-CBB84AD2482F}.Release|iPhone.Build.0 = Release|Any CPU
		{3550EF5A-82FD-42BA-BE64-CBB84AD2482F}.Release|iPhone.Deploy.0 = Release|Any CPU
		{3550EF5A-82FD-42BA-BE64-CBB84AD2482F}.Release|iPhoneSimulator.ActiveCfg = Release|Any CPU
		{3550EF5A-82FD-42BA-BE64-CBB84AD2482F}.Release|iPhoneSimulator.Build.0 = Release|Any CPU
		{3550EF5A-82FD-42BA-BE64-CBB84AD2482F}.Release|iPhoneSimulator.Deploy.0 = Release|Any CPU
		{6E36C189-98E5-4B01-8948-1D3AAEB2D61F}.Debug|Any CPU.ActiveCfg = Debug|iPhone
		{6E36C189-98E5-4B01-8948-1D3AAEB2D61F}.Debug|iPhone.ActiveCfg = Debug|iPhone
		{6E36C189-98E5-4B01-8948-1D3AAEB2D61F}.Debug|iPhone.Build.0 = Debug|iPhone
		{6E36C189-98E5-4B01-8948-1D3AAEB2D61F}.Debug|iPhoneSimulator.ActiveCfg = Debug|iPhoneSimulator
		{6E36C189-98E5-4B01-8948-1D3AAEB2D61F}.Debug|iPhoneSimulator.Build.0 = Debug|iPhoneSimulator
		{6E36C189-98E5-4B01-8948-1D3AAEB2D61F}.Release|Any CPU.ActiveCfg = Release|iPhone
		{6E36C189-98E5-4B01-8948-1D3AAEB2D61F}.Release|iPhone.ActiveCfg = Release|iPhone
		{6E36C189-98E5-4B01-8948-1D3AAEB2D61F}.Release|iPhone.Build.0 = Release|iPhone
		{6E36C189-98E5-4B01-8948-1D3AAEB2D61F}.Release|iPhoneSimulator.ActiveCfg = Release|iPhoneSimulator
		{6E36C189-98E5-4B01-8948-1D3AAEB2D61F}.Release|iPhoneSimulator.Build.0 = Release|iPhoneSimulator
		{FB7C5002-0AA5-47F8-BD24-B8781EC9171A}.Debug|Any CPU.ActiveCfg = Debug|Any CPU
		{FB7C5002-0AA5-47F8-BD24-B8781EC9171A}.Debug|Any CPU.Build.0 = Debug|Any CPU
		{FB7C5002-0AA5-47F8-BD24-B8781EC9171A}.Debug|iPhone.ActiveCfg = Debug|Any CPU
		{FB7C5002-0AA5-47F8-BD24-B8781EC9171A}.Debug|iPhone.Build.0 = Debug|Any CPU
		{FB7C5002-0AA5-47F8-BD24-B8781EC9171A}.Debug|iPhoneSimulator.ActiveCfg = Debug|Any CPU
		{FB7C5002-0AA5-47F8-BD24-B8781EC9171A}.Debug|iPhoneSimulator.Build.0 = Debug|Any CPU
		{FB7C5002-0AA5-47F8-BD24-B8781EC9171A}.Release|Any CPU.ActiveCfg = Release|Any CPU
		{FB7C5002-0AA5-47F8-BD24-B8781EC9171A}.Release|Any CPU.Build.0 = Release|Any CPU
		{FB7C5002-0AA5-47F8-BD24-B8781EC9171A}.Release|iPhone.ActiveCfg = Release|Any CPU
		{FB7C5002-0AA5-47F8-BD24-B8781EC9171A}.Release|iPhone.Build.0 = Release|Any CPU
		{FB7C5002-0AA5-47F8-BD24-B8781EC9171A}.Release|iPhoneSimulator.ActiveCfg = Release|Any CPU
		{FB7C5002-0AA5-47F8-BD24-B8781EC9171A}.Release|iPhoneSimulator.Build.0 = Release|Any CPU
	EndGlobalSection
	GlobalSection(SolutionProperties) = preSolution
		HideSolutionNode = FALSE
	EndGlobalSection
EndGlobal
